
Microsoft Visual Studio Solution File, Format Version 12.00
# Visual Studio Version 17
VisualStudioVersion = 17.10.35027.167
MinimumVisualStudioVersion = 10.0.40219.1
Project("{9A19103F-16F7-4668-BE54-9A1E7A4F7556}") = "MainWindow", "MainWindow\MainWindow.csproj", "{A955E7DA-9C97-4A6C-9B62-54BA9764E089}"
EndProject
Project("{FAE04EC0-301F-11D3-BF4B-00C04F79EFBC}") = "BusinessObjects", "BusinessObjects\BusinessObjects.csproj", "{D37180F5-1BC8-441E-AC6E-168C4227B126}"
EndProject
Project("{FAE04EC0-301F-11D3-BF4B-00C04F79EFBC}") = "DataAccessLayer", "DataAccessLayer\DataAccessLayer.csproj", "{2C29BD64-E89A-4B22-8273-B97B9E033130}"
EndProject
Project("{FAE04EC0-301F-11D3-BF4B-00C04F79EFBC}") = "Repositories", "Repositories\Repositories.csproj", "{F7B9A562-32DE-4F6F-A94B-AEAC5C1FBD7D}"
EndProject
Project("{FAE04EC0-301F-11D3-BF4B-00C04F79EFBC}") = "Services", "Services\Services.csproj", "{AB3AB32F-93B5-4D3E-AFEB-C7FA9876B3DE}"
EndProject
Global
	GlobalSection(SolutionConfigurationPlatforms) = preSolution
		Debug|Any CPU = Debug|Any CPU
		Release|Any CPU = Release|Any CPU
	EndGlobalSection
	GlobalSection(ProjectConfigurationPlatforms) = postSolution
		{A955E7DA-9C97-4A6C-9B62-54BA9764E089}.Debug|Any CPU.ActiveCfg = Debug|Any CPU
		{A955E7DA-9C97-4A6C-9B62-54BA9764E089}.Debug|Any CPU.Build.0 = Debug|Any CPU
		{A955E7DA-9C97-4A6C-9B62-54BA9764E089}.Release|Any CPU.ActiveCfg = Release|Any CPU
		{A955E7DA-9C97-4A6C-9B62-54BA9764E089}.Release|Any CPU.Build.0 = Release|Any CPU
		{D37180F5-1BC8-441E-AC6E-168C4227B126}.Debug|Any CPU.ActiveCfg = Debug|Any CPU
		{D37180F5-1BC8-441E-AC6E-168C4227B126}.Debug|Any CPU.Build.0 = Debug|Any CPU
		{D37180F5-1BC8-441E-AC6E-168C4227B126}.Release|Any CPU.ActiveCfg = Release|Any CPU
		{D37180F5-1BC8-441E-AC6E-168C4227B126}.Release|Any CPU.Build.0 = Release|Any CPU
		{2C29BD64-E89A-4B22-8273-B97B9E033130}.Debug|Any CPU.ActiveCfg = Debug|Any CPU
		{2C29BD64-E89A-4B22-8273-B97B9E033130}.Debug|Any CPU.Build.0 = Debug|Any CPU
		{2C29BD64-E89A-4B22-8273-B97B9E033130}.Release|Any CPU.ActiveCfg = Release|Any CPU
		{2C29BD64-E89A-4B22-8273-B97B9E033130}.Release|Any CPU.Build.0 = Release|Any CPU
		{F7B9A562-32DE-4F6F-A94B-AEAC5C1FBD7D}.Debug|Any CPU.ActiveCfg = Debug|Any CPU
		{F7B9A562-32DE-4F6F-A94B-AEAC5C1FBD7D}.Debug|Any CPU.Build.0 = Debug|Any CPU
		{F7B9A562-32DE-4F6F-A94B-AEAC5C1FBD7D}.Release|Any CPU.ActiveCfg = Release|Any CPU
		{F7B9A562-32DE-4F6F-A94B-AEAC5C1FBD7D}.Release|Any CPU.Build.0 = Release|Any CPU
		{AB3AB32F-93B5-4D3E-AFEB-C7FA9876B3DE}.Debug|Any CPU.ActiveCfg = Debug|Any CPU
		{AB3AB32F-93B5-4D3E-AFEB-C7FA9876B3DE}.Debug|Any CPU.Build.0 = Debug|Any CPU
		{AB3AB32F-93B5-4D3E-AFEB-C7FA9876B3DE}.Release|Any CPU.ActiveCfg = Release|Any CPU
		{AB3AB32F-93B5-4D3E-AFEB-C7FA9876B3DE}.Release|Any CPU.Build.0 = Release|Any CPU
	EndGlobalSection
	GlobalSection(SolutionProperties) = preSolution
		HideSolutionNode = FALSE
	EndGlobalSection
	GlobalSection(ExtensibilityGlobals) = postSolution
		SolutionGuid = {B96C03E2-EC46-4941-987D-8DAB41F68925}
	EndGlobalSection
EndGlobal
